<?xml version="1.0" encoding="utf-8"?>
<Project ToolsVersion="4.0" xmlns="http://schemas.microsoft.com/developer/msbuild/2003">
  <ItemGroup>
    <Filter Include="src">
      <UniqueIdentifier>{4FC737F1-C7A5-4376-A066-2A32D752A2FF}</UniqueIdentifier>
      <Extensions>cpp;c;cc;cxx;def;odl;idl;hpj;bat;asm;asmx</Extensions>
    </Filter>
    <Filter Include="src\player">
      <UniqueIdentifier>{3533e944-df09-4377-b5d9-531862408516}</UniqueIdentifier>
    </Filter>
  </ItemGroup>
  <ItemGroup>
    <ClCompile Include="..\src\Main.cpp">
      <Filter>src</Filter>
    </ClCompile>
    <ClCompile Include="..\src\GraphicsEngine2D.cpp">
      <Filter>src</Filter>
    </ClCompile>
    <ClCompile Include="..\src\Game.cpp">
      <Filter>src</Filter>
    </ClCompile>
    <ClCompile Include="..\src\GameState.cpp">
      <Filter>src</Filter>
    </ClCompile>
    <ClCompile Include="..\src\player\Human.cpp">
      <Filter>src\player</Filter>
    </ClCompile>
  </ItemGroup>
  <ItemGroup>
    <ClInclude Include="..\src\GraphicsEngine2D.h">
      <Filter>src</Filter>
    </ClInclude>
    <ClInclude Include="..\src\Game.h">
      <Filter>src</Filter>
    </ClInclude>
    <ClInclude Include="..\src\GameState.h">
      <Filter>src</Filter>
    </ClInclude>
    <ClInclude Include="..\src\player\Human.h">
      <Filter>src\player</Filter>
    </ClInclude>
    <ClInclude Include="..\src\player\Player.h">
      <Filter>src\player</Filter>
    </ClInclude>
  </ItemGroup>
</Project>